
Microsoft Visual Studio Solution File, Format Version 12.00
# Visual Studio 15
VisualStudioVersion = 15.0.28307.1300
MinimumVisualStudioVersion = 10.0.40219.1
Project("{FAE04EC0-301F-11D3-BF4B-00C04F79EFBC}") = "SportsStore", "SportsStore\SportsStore.csproj", "{F4DD131E-ACDD-4CB1-9BE6-59355C85E439}"
EndProject
Project("{FAE04EC0-301F-11D3-BF4B-00C04F79EFBC}") = "SportsStore.Tests", "SportsStore.Tests\SportsStore.Tests.csproj", "{958D11F5-E218-4224-BF8C-66E9B9F2422E}"
EndProject
Global
	GlobalSection(SolutionConfigurationPlatforms) = preSolution
		Debug|Any CPU = Debug|Any CPU
		Release|Any CPU = Release|Any CPU
	EndGlobalSection
	GlobalSection(ProjectConfigurationPlatforms) = postSolution
		{F4DD131E-ACDD-4CB1-9BE6-59355C85E439}.Debug|Any CPU.ActiveCfg = Debug|Any CPU
		{F4DD131E-ACDD-4CB1-9BE6-59355C85E439}.Debug|Any CPU.Build.0 = Debug|Any CPU
		{F4DD131E-ACDD-4CB1-9BE6-59355C85E439}.Release|Any CPU.ActiveCfg = Release|Any CPU
		{F4DD131E-ACDD-4CB1-9BE6-59355C85E439}.Release|Any CPU.Build.0 = Release|Any CPU
		{958D11F5-E218-4224-BF8C-66E9B9F2422E}.Debug|Any CPU.ActiveCfg = Debug|Any CPU
		{958D11F5-E218-4224-BF8C-66E9B9F2422E}.Debug|Any CPU.Build.0 = Debug|Any CPU
		{958D11F5-E218-4224-BF8C-66E9B9F2422E}.Release|Any CPU.ActiveCfg = Release|Any CPU
		{958D11F5-E218-4224-BF8C-66E9B9F2422E}.Release|Any CPU.Build.0 = Release|Any CPU
	EndGlobalSection
	GlobalSection(SolutionProperties) = preSolution
		HideSolutionNode = FALSE
	EndGlobalSection
	GlobalSection(ExtensibilityGlobals) = postSolution
		SolutionGuid = {1C71D30F-FFE0-47BF-9175-955DF3EE2C82}
	EndGlobalSection
EndGlobal
